
Microsoft Visual Studio Solution File, Format Version 12.00
# Visual Studio Version 17
VisualStudioVersion = 17.4.33213.308
MinimumVisualStudioVersion = 10.0.40219.1
Project("{9A19103F-16F7-4668-BE54-9A1E7A4F7556}") = "eTickets", "eTickets\eTickets.csproj", "{876D2E20-C586-4025-A56B-56F16216976A}"
EndProject
Project("{9A19103F-16F7-4668-BE54-9A1E7A4F7556}") = "eTickets.Domains", "eTickets.Domains\eTickets.Domains.csproj", "{9142428D-C819-4D6D-8EC6-BAA1ABC41B23}"
EndProject
Project("{9A19103F-16F7-4668-BE54-9A1E7A4F7556}") = "eTickets.LocalStorage", "eTickets.LocalStorage\eTickets.LocalStorage.csproj", "{61819B30-95F5-41C2-969E-6B946485E51A}"
EndProject
Project("{9A19103F-16F7-4668-BE54-9A1E7A4F7556}") = "eTickets.Persistence", "eTickets.Persistence\eTickets.Persistence.csproj", "{5AA07E85-3A1F-443C-A760-F7631A7D0E80}"
EndProject
Project("{9A19103F-16F7-4668-BE54-9A1E7A4F7556}") = "eTickets.Application", "eTickets.Application\eTickets.Application.csproj", "{FA78AB49-D5EF-457D-96F4-C4FD06DDF896}"
EndProject
Project("{FAE04EC0-301F-11D3-BF4B-00C04F79EFBC}") = "eTickets.Initializer", "eTickets.Initializer\eTickets.Initializer.csproj", "{E3F5B9E3-6993-4FBC-B842-567FEFBEC75C}"
EndProject
Project("{FAE04EC0-301F-11D3-BF4B-00C04F79EFBC}") = "eTickets.Seed", "eTickets.Seed\eTickets.Seed.csproj", "{AEE31152-5A75-452D-A047-39EF861DFE8B}"
EndProject
Project("{2150E333-8FDC-42A3-9474-1A3956D46DE8}") = "Core", "Core", "{6D740A28-59E3-478D-AA73-F58E3F34E6ED}"
EndProject
Project("{2150E333-8FDC-42A3-9474-1A3956D46DE8}") = "DomainModels", "DomainModels", "{BE46F5BE-B02C-43F1-B0F5-71D59E7E5F84}"
EndProject
Project("{2150E333-8FDC-42A3-9474-1A3956D46DE8}") = "Application", "Application", "{59F169F2-B1DC-4391-940A-A8F462417F64}"
EndProject
Project("{2150E333-8FDC-42A3-9474-1A3956D46DE8}") = "Persistence", "Persistence", "{4DFAE735-85E6-4D6F-A762-657CA3AE199B}"
EndProject
Project("{2150E333-8FDC-42A3-9474-1A3956D46DE8}") = "Initializer", "Initializer", "{1E69D732-F380-4998-B4FF-6F8FE98D5BF3}"
EndProject
Project("{2150E333-8FDC-42A3-9474-1A3956D46DE8}") = "SeedStorage", "SeedStorage", "{C556AFF8-20D5-4E41-AC3A-21F87CE640E8}"
EndProject
Project("{2150E333-8FDC-42A3-9474-1A3956D46DE8}") = "LocalStorage", "LocalStorage", "{C468BC42-6608-4751-85EB-30D9A3C56739}"
EndProject
Project("{2150E333-8FDC-42A3-9474-1A3956D46DE8}") = "Database", "Database", "{AB3EA4AA-1675-4826-9D77-A9070A511246}"
EndProject
Global
	GlobalSection(SolutionConfigurationPlatforms) = preSolution
		Debug|Any CPU = Debug|Any CPU
		Release|Any CPU = Release|Any CPU
	EndGlobalSection
	GlobalSection(ProjectConfigurationPlatforms) = postSolution
		{876D2E20-C586-4025-A56B-56F16216976A}.Debug|Any CPU.ActiveCfg = Debug|Any CPU
		{876D2E20-C586-4025-A56B-56F16216976A}.Debug|Any CPU.Build.0 = Debug|Any CPU
		{876D2E20-C586-4025-A56B-56F16216976A}.Release|Any CPU.ActiveCfg = Release|Any CPU
		{876D2E20-C586-4025-A56B-56F16216976A}.Release|Any CPU.Build.0 = Release|Any CPU
		{9142428D-C819-4D6D-8EC6-BAA1ABC41B23}.Debug|Any CPU.ActiveCfg = Debug|Any CPU
		{9142428D-C819-4D6D-8EC6-BAA1ABC41B23}.Debug|Any CPU.Build.0 = Debug|Any CPU
		{9142428D-C819-4D6D-8EC6-BAA1ABC41B23}.Release|Any CPU.ActiveCfg = Release|Any CPU
		{9142428D-C819-4D6D-8EC6-BAA1ABC41B23}.Release|Any CPU.Build.0 = Release|Any CPU
		{61819B30-95F5-41C2-969E-6B946485E51A}.Debug|Any CPU.ActiveCfg = Debug|Any CPU
		{61819B30-95F5-41C2-969E-6B946485E51A}.Debug|Any CPU.Build.0 = Debug|Any CPU
		{61819B30-95F5-41C2-969E-6B946485E51A}.Release|Any CPU.ActiveCfg = Release|Any CPU
		{61819B30-95F5-41C2-969E-6B946485E51A}.Release|Any CPU.Build.0 = Release|Any CPU
		{5AA07E85-3A1F-443C-A760-F7631A7D0E80}.Debug|Any CPU.ActiveCfg = Debug|Any CPU
		{5AA07E85-3A1F-443C-A760-F7631A7D0E80}.Debug|Any CPU.Build.0 = Debug|Any CPU
		{5AA07E85-3A1F-443C-A760-F7631A7D0E80}.Release|Any CPU.ActiveCfg = Release|Any CPU
		{5AA07E85-3A1F-443C-A760-F7631A7D0E80}.Release|Any CPU.Build.0 = Release|Any CPU
		{FA78AB49-D5EF-457D-96F4-C4FD06DDF896}.Debug|Any CPU.ActiveCfg = Debug|Any CPU
		{FA78AB49-D5EF-457D-96F4-C4FD06DDF896}.Debug|Any CPU.Build.0 = Debug|Any CPU
		{FA78AB49-D5EF-457D-96F4-C4FD06DDF896}.Release|Any CPU.ActiveCfg = Release|Any CPU
		{FA78AB49-D5EF-457D-96F4-C4FD06DDF896}.Release|Any CPU.Build.0 = Release|Any CPU
		{E3F5B9E3-6993-4FBC-B842-567FEFBEC75C}.Debug|Any CPU.ActiveCfg = Debug|Any CPU
		{E3F5B9E3-6993-4FBC-B842-567FEFBEC75C}.Debug|Any CPU.Build.0 = Debug|Any CPU
		{E3F5B9E3-6993-4FBC-B842-567FEFBEC75C}.Release|Any CPU.ActiveCfg = Release|Any CPU
		{E3F5B9E3-6993-4FBC-B842-567FEFBEC75C}.Release|Any CPU.Build.0 = Release|Any CPU
		{AEE31152-5A75-452D-A047-39EF861DFE8B}.Debug|Any CPU.ActiveCfg = Debug|Any CPU
		{AEE31152-5A75-452D-A047-39EF861DFE8B}.Debug|Any CPU.Build.0 = Debug|Any CPU
		{AEE31152-5A75-452D-A047-39EF861DFE8B}.Release|Any CPU.ActiveCfg = Release|Any CPU
		{AEE31152-5A75-452D-A047-39EF861DFE8B}.Release|Any CPU.Build.0 = Release|Any CPU
	EndGlobalSection
	GlobalSection(SolutionProperties) = preSolution
		HideSolutionNode = FALSE
	EndGlobalSection
	GlobalSection(NestedProjects) = preSolution
		{876D2E20-C586-4025-A56B-56F16216976A} = {6D740A28-59E3-478D-AA73-F58E3F34E6ED}
		{9142428D-C819-4D6D-8EC6-BAA1ABC41B23} = {BE46F5BE-B02C-43F1-B0F5-71D59E7E5F84}
		{61819B30-95F5-41C2-969E-6B946485E51A} = {C468BC42-6608-4751-85EB-30D9A3C56739}
		{5AA07E85-3A1F-443C-A760-F7631A7D0E80} = {4DFAE735-85E6-4D6F-A762-657CA3AE199B}
		{FA78AB49-D5EF-457D-96F4-C4FD06DDF896} = {59F169F2-B1DC-4391-940A-A8F462417F64}
		{E3F5B9E3-6993-4FBC-B842-567FEFBEC75C} = {1E69D732-F380-4998-B4FF-6F8FE98D5BF3}
		{AEE31152-5A75-452D-A047-39EF861DFE8B} = {C556AFF8-20D5-4E41-AC3A-21F87CE640E8}
		{BE46F5BE-B02C-43F1-B0F5-71D59E7E5F84} = {AB3EA4AA-1675-4826-9D77-A9070A511246}
		{59F169F2-B1DC-4391-940A-A8F462417F64} = {AB3EA4AA-1675-4826-9D77-A9070A511246}
		{4DFAE735-85E6-4D6F-A762-657CA3AE199B} = {AB3EA4AA-1675-4826-9D77-A9070A511246}
		{1E69D732-F380-4998-B4FF-6F8FE98D5BF3} = {AB3EA4AA-1675-4826-9D77-A9070A511246}
		{C556AFF8-20D5-4E41-AC3A-21F87CE640E8} = {1E69D732-F380-4998-B4FF-6F8FE98D5BF3}
		{C468BC42-6608-4751-85EB-30D9A3C56739} = {AB3EA4AA-1675-4826-9D77-A9070A511246}
	EndGlobalSection
	GlobalSection(ExtensibilityGlobals) = postSolution
		SolutionGuid = {26A45FDE-AE77-4AD0-B11A-9EF9CAC92537}
	EndGlobalSection
EndGlobal
